
Microsoft Visual Studio Solution File, Format Version 12.00
# Visual Studio Version 17
VisualStudioVersion = 17.9.34622.214
MinimumVisualStudioVersion = 10.0.40219.1
Project("{9A19103F-16F7-4668-BE54-9A1E7A4F7556}") = "DiscordNotifierPlugin", "DiscordNotifierPlugin.csproj", "{AC1B7CEA-D712-4C49-A6B8-0CEB235955FD}"
EndProject
Project("{2150E333-8FDC-42A3-9474-1A3956D46DE8}") = "Libs", "Libs", "{141A1DDC-14D1-4790-8053-96A9082B6B10}"
EndProject
Project("{9A19103F-16F7-4668-BE54-9A1E7A4F7556}") = "DiscordCorpse", "..\..\..\CorpseLib\DiscordCorpse\DiscordCorpse.csproj", "{5F39F0BB-657E-4DDC-BDA5-942044D838FD}"
EndProject
Project("{9A19103F-16F7-4668-BE54-9A1E7A4F7556}") = "StreamGlass.Core", "..\..\..\StreamGlass\StreamGlass.Core\StreamGlass.Core.csproj", "{44562FEE-0193-4F3C-A43A-E9355647760C}"
EndProject
Global
	GlobalSection(SolutionConfigurationPlatforms) = preSolution
		Debug|Any CPU = Debug|Any CPU
		Release|Any CPU = Release|Any CPU
	EndGlobalSection
	GlobalSection(ProjectConfigurationPlatforms) = postSolution
		{AC1B7CEA-D712-4C49-A6B8-0CEB235955FD}.Debug|Any CPU.ActiveCfg = Debug|Any CPU
		{AC1B7CEA-D712-4C49-A6B8-0CEB235955FD}.Debug|Any CPU.Build.0 = Debug|Any CPU
		{AC1B7CEA-D712-4C49-A6B8-0CEB235955FD}.Release|Any CPU.ActiveCfg = Release|Any CPU
		{AC1B7CEA-D712-4C49-A6B8-0CEB235955FD}.Release|Any CPU.Build.0 = Release|Any CPU
		{5F39F0BB-657E-4DDC-BDA5-942044D838FD}.Debug|Any CPU.ActiveCfg = Debug|Any CPU
		{5F39F0BB-657E-4DDC-BDA5-942044D838FD}.Debug|Any CPU.Build.0 = Debug|Any CPU
		{5F39F0BB-657E-4DDC-BDA5-942044D838FD}.Release|Any CPU.ActiveCfg = Release|Any CPU
		{5F39F0BB-657E-4DDC-BDA5-942044D838FD}.Release|Any CPU.Build.0 = Release|Any CPU
		{44562FEE-0193-4F3C-A43A-E9355647760C}.Debug|Any CPU.ActiveCfg = Debug|Any CPU
		{44562FEE-0193-4F3C-A43A-E9355647760C}.Debug|Any CPU.Build.0 = Debug|Any CPU
		{44562FEE-0193-4F3C-A43A-E9355647760C}.Release|Any CPU.ActiveCfg = Release|Any CPU
		{44562FEE-0193-4F3C-A43A-E9355647760C}.Release|Any CPU.Build.0 = Release|Any CPU
	EndGlobalSection
	GlobalSection(SolutionProperties) = preSolution
		HideSolutionNode = FALSE
	EndGlobalSection
	GlobalSection(NestedProjects) = preSolution
		{5F39F0BB-657E-4DDC-BDA5-942044D838FD} = {141A1DDC-14D1-4790-8053-96A9082B6B10}
		{44562FEE-0193-4F3C-A43A-E9355647760C} = {141A1DDC-14D1-4790-8053-96A9082B6B10}
	EndGlobalSection
	GlobalSection(ExtensibilityGlobals) = postSolution
		SolutionGuid = {90FF2C2D-5599-4380-897E-B6C6005C3384}
	EndGlobalSection
EndGlobal
